
Microsoft Visual Studio Solution File, Format Version 12.00
# Visual Studio Version 17
VisualStudioVersion = 17.14.37411.7
MinimumVisualStudioVersion = 10.0.40219.1
Project("{FAE04EC0-301F-11D3-BF4B-00C04F79EFBC}") = "MINFIN", "MINFIN\MINFIN.csproj", "{7AB2AEC7-0ACA-4921-A685-EACB33F3184E}"
EndProject
Project("{FAE04EC0-301F-11D3-BF4B-00C04F79EFBC}") = "Application", "Application\Application.csproj", "{DD1B51A4-B5B8-42F6-98D5-B912359CC3E6}"
EndProject
Project("{FAE04EC0-301F-11D3-BF4B-00C04F79EFBC}") = "Infrastructure", "Infrastructure\Infrastructure.csproj", "{40EB6BEE-BCC0-4B15-BDA3-5CABF52E7998}"
EndProject
Project("{FAE04EC0-301F-11D3-BF4B-00C04F79EFBC}") = "Domain", "Domain\Domain.csproj", "{52AD73DA-2A71-46B0-B3A8-2FF90B3DB623}"
EndProject
Global
	GlobalSection(SolutionConfigurationPlatforms) = preSolution
		Debug|Any CPU = Debug|Any CPU
		Release|Any CPU = Release|Any CPU
	EndGlobalSection
	GlobalSection(ProjectConfigurationPlatforms) = postSolution
		{7AB2AEC7-0ACA-4921-A685-EACB33F3184E}.Debug|Any CPU.ActiveCfg = Debug|Any CPU
		{7AB2AEC7-0ACA-4921-A685-EACB33F3184E}.Debug|Any CPU.Build.0 = Debug|Any CPU
		{7AB2AEC7-0ACA-4921-A685-EACB33F3184E}.Release|Any CPU.ActiveCfg = Release|Any CPU
		{7AB2AEC7-0ACA-4921-A685-EACB33F3184E}.Release|Any CPU.Build.0 = Release|Any CPU
		{DD1B51A4-B5B8-42F6-98D5-B912359CC3E6}.Debug|Any CPU.ActiveCfg = Debug|Any CPU
		{DD1B51A4-B5B8-42F6-98D5-B912359CC3E6}.Debug|Any CPU.Build.0 = Debug|Any CPU
		{DD1B51A4-B5B8-42F6-98D5-B912359CC3E6}.Release|Any CPU.ActiveCfg = Release|Any CPU
		{DD1B51A4-B5B8-42F6-98D5-B912359CC3E6}.Release|Any CPU.Build.0 = Release|Any CPU
		{40EB6BEE-BCC0-4B15-BDA3-5CABF52E7998}.Debug|Any CPU.ActiveCfg = Debug|Any CPU
		{40EB6BEE-BCC0-4B15-BDA3-5CABF52E7998}.Debug|Any CPU.Build.0 = Debug|Any CPU
		{40EB6BEE-BCC0-4B15-BDA3-5CABF52E7998}.Release|Any CPU.ActiveCfg = Release|Any CPU
		{40EB6BEE-BCC0-4B15-BDA3-5CABF52E7998}.Release|Any CPU.Build.0 = Release|Any CPU
		{52AD73DA-2A71-46B0-B3A8-2FF90B3DB623}.Debug|Any CPU.ActiveCfg = Debug|Any CPU
		{52AD73DA-2A71-46B0-B3A8-2FF90B3DB623}.Debug|Any CPU.Build.0 = Debug|Any CPU
		{52AD73DA-2A71-46B0-B3A8-2FF90B3DB623}.Release|Any CPU.ActiveCfg = Release|Any CPU
		{52AD73DA-2A71-46B0-B3A8-2FF90B3DB623}.Release|Any CPU.Build.0 = Release|Any CPU
	EndGlobalSection
	GlobalSection(SolutionProperties) = preSolution
		HideSolutionNode = FALSE
	EndGlobalSection
	GlobalSection(ExtensibilityGlobals) = postSolution
		SolutionGuid = {F52ED798-1BEF-4134-9813-F50442294C83}
	EndGlobalSection
EndGlobal
